<?xml version="1.0" encoding="utf-8"?>
<Project ToolsVersion="4.0" xmlns="http://schemas.microsoft.com/developer/msbuild/2003">
  <ItemGroup>
    <Filter Include="Source Files">
      <UniqueIdentifier>{4FC737F1-C7A5-4376-A066-2A32D752A2FF}</UniqueIdentifier>
      <Extensions>cpp;c;cc;cxx;def;odl;idl;hpj;bat;asm;asmx</Extensions>
    </Filter>
    <Filter Include="Header Files">
      <UniqueIdentifier>{93995380-89BD-4b04-88EB-625FBE52EBFB}</UniqueIdentifier>
      <Extensions>h;hh;hpp;hxx;hm;inl;inc;xsd</Extensions>
    </Filter>
    <Filter Include="Resource Files">
      <UniqueIdentifier>{67DA6AB6-F800-4c08-8B7A-83BB121AAD01}</UniqueIdentifier>
      <Extensions>rc;ico;cur;bmp;dlg;rc2;rct;bin;rgs;gif;jpg;jpeg;jpe;resx;tiff;tif;png;wav;mfcribbon-ms</Extensions>
    </Filter>
    <Filter Include="Header Files\Architecture">
      <UniqueIdentifier>{57b6beaf-31e2-4bb3-a3af-586fd29fe485}</UniqueIdentifier>
    </Filter>
    <Filter Include="Header Files\Architecture\Managers">
      <UniqueIdentifier>{a1d04aae-faf2-4beb-afdc-87ea22e78452}</UniqueIdentifier>
    </Filter>
    <Filter Include="Header Files\Architecture\States">
      <UniqueIdentifier>{d4ad2082-f6ad-4e55-9575-d0ff713ed05c}</UniqueIdentifier>
    </Filter>
    <Filter Include="Header Files\Architecture\Messages">
      <UniqueIdentifier>{44c75660-f38e-4c12-830b-bc315b8c8637}</UniqueIdentifier>
    </Filter>
    <Filter Include="Header Files\Architecture\Signals">
      <UniqueIdentifier>{87b99238-50c4-4119-b005-05813263c43e}</UniqueIdentifier>
    </Filter>
    <Filter Include="Source Files\Architecture">
      <UniqueIdentifier>{42ac9bd7-42fd-4243-aa28-ad6179d3f3da}</UniqueIdentifier>
    </Filter>
    <Filter Include="Source Files\Architecture\Managers">
      <UniqueIdentifier>{1a219221-3517-41e8-83fb-6cb1dcb952f3}</UniqueIdentifier>
    </Filter>
    <Filter Include="Source Files\Architecture\Messages">
      <UniqueIdentifier>{d091a936-d5ea-4f94-aed4-b85a77256d95}</UniqueIdentifier>
    </Filter>
    <Filter Include="Source Files\Architecture\UI">
      <UniqueIdentifier>{c9ec497e-d1c4-44c8-844b-99257348db21}</UniqueIdentifier>
    </Filter>
    <Filter Include="Header Files\Architecture\UI">
      <UniqueIdentifier>{5f4ebf6e-b1cb-463a-83f0-c97da877f6a6}</UniqueIdentifier>
    </Filter>
    <Filter Include="Source Files\Architecture\Signals">
      <UniqueIdentifier>{eeba0ff9-37c6-408f-8714-3d7e62590b71}</UniqueIdentifier>
    </Filter>
    <Filter Include="Header Files\States">
      <UniqueIdentifier>{916aa7f9-edac-4fff-b57b-317efc628ebb}</UniqueIdentifier>
    </Filter>
    <Filter Include="Source Files\States">
      <UniqueIdentifier>{921fc7a0-6ab1-40a5-871a-ca78190e20f1}</UniqueIdentifier>
    </Filter>
    <Filter Include="Header Files\Architecture\Dialogues">
      <UniqueIdentifier>{6a4a8597-8d86-4f86-a4f6-afb65d36fbb1}</UniqueIdentifier>
    </Filter>
    <Filter Include="Source Files\Architecture\Dialogues">
      <UniqueIdentifier>{deb0fdee-8acc-4362-825b-cf07789740f5}</UniqueIdentifier>
    </Filter>
    <Filter Include="Source Files\Dialogue">
      <UniqueIdentifier>{3fd2e72a-c990-4c5b-958d-8db2e861bcaa}</UniqueIdentifier>
    </Filter>
    <Filter Include="Header Files\Dialogue">
      <UniqueIdentifier>{9b58bce6-73a4-4814-9d7a-0b7b1055cc4d}</UniqueIdentifier>
    </Filter>
    <Filter Include="Header Files\Architecture\Audio">
      <UniqueIdentifier>{a58506fb-61e4-4fba-9198-31d102bf582d}</UniqueIdentifier>
    </Filter>
    <Filter Include="Source Files\Architecture\Audio">
      <UniqueIdentifier>{0bb08f9c-e5d9-4f00-81c7-e7f371d29e78}</UniqueIdentifier>
    </Filter>
    <Filter Include="Header Files\Architecture\Audio\irKlang">
      <UniqueIdentifier>{e565466f-f59a-41d5-b255-1c1d22207d5f}</UniqueIdentifier>
    </Filter>
    <Filter Include="Source Files\Architecture\Audio\irrKlang">
      <UniqueIdentifier>{504c0865-d1a7-49bd-bb35-58389bc2d53f}</UniqueIdentifier>
    </Filter>
    <Filter Include="Source Files\Architecture\Audio\SFML">
      <UniqueIdentifier>{356c5a0f-cf5c-417d-a014-72efe6bc7ffe}</UniqueIdentifier>
    </Filter>
    <Filter Include="Header Files\Architecture\Audio\SFML">
      <UniqueIdentifier>{bd1aa826-36df-4d06-a870-788d5978d6a7}</UniqueIdentifier>
    </Filter>
    <Filter Include="Source Files\Architecture\Audio\None">
      <UniqueIdentifier>{d39e25e9-fdd0-488f-886b-c86ef74b3753}</UniqueIdentifier>
    </Filter>
    <Filter Include="Header Files\Architecture\Audio\None">
      <UniqueIdentifier>{cfcca98e-b9f0-46be-9c14-03228fc34908}</UniqueIdentifier>
    </Filter>
    <Filter Include="Header Files\Architecture\Networking">
      <UniqueIdentifier>{4c20b7e9-8ec0-4883-873c-20d9db05f6d8}</UniqueIdentifier>
    </Filter>
    <Filter Include="Source Files\Architecture\Networking">
      <UniqueIdentifier>{a3b3bb10-b489-4297-95ad-d71b7b0b2023}</UniqueIdentifier>
    </Filter>
  </ItemGroup>
  <ItemGroup>
    <ClInclude Include="..\..\Source\stdafx.h">
      <Filter>Header Files</Filter>
    </ClInclude>
    <ClInclude Include="..\..\Source\targetver.h">
      <Filter>Header Files</Filter>
    </ClInclude>
    <ClInclude Include="..\..\Source\Architecture\UI\Button.hpp">
      <Filter>Header Files\Architecture\UI</Filter>
    </ClInclude>
    <ClInclude Include="..\..\Source\Architecture\Signals\Connection.hpp">
      <Filter>Header Files\Architecture\Signals</Filter>
    </ClInclude>
    <ClInclude Include="..\..\Source\Architecture\Signals\Disconnector.hpp">
      <Filter>Header Files\Architecture\Signals</Filter>
    </ClInclude>
    <ClInclude Include="..\..\Source\Architecture\Managers\FontManager.hpp">
      <Filter>Header Files\Architecture\Managers</Filter>
    </ClInclude>
    <ClInclude Include="..\..\Source\Architecture\GameData.hpp">
      <Filter>Header Files\Architecture</Filter>
    </ClInclude>
    <ClInclude Include="..\..\Source\Architecture\Managers\InputManager.hpp">
      <Filter>Header Files\Architecture\Managers</Filter>
    </ClInclude>
    <ClInclude Include="..\..\Source\Architecture\UI\Menu.hpp">
      <Filter>Header Files\Architecture\UI</Filter>
    </ClInclude>
    <ClInclude Include="..\..\Source\Architecture\Messages\Message.hpp">
      <Filter>Header Files\Architecture\Messages</Filter>
    </ClInclude>
    <ClInclude Include="..\..\Source\Architecture\Messages\MessageQueue.hpp">
      <Filter>Header Files\Architecture\Messages</Filter>
    </ClInclude>
    <ClInclude Include="..\..\Source\Architecture\Signals\Signal.hpp">
      <Filter>Header Files\Architecture\Signals</Filter>
    </ClInclude>
    <ClInclude Include="..\..\Source\Architecture\Signals\Slot.hpp">
      <Filter>Header Files\Architecture\Signals</Filter>
    </ClInclude>
    <ClInclude Include="..\..\Source\Architecture\Managers\StateManager.hpp">
      <Filter>Header Files\Architecture\Managers</Filter>
    </ClInclude>
    <ClInclude Include="..\..\Source\Architecture\States\BaseState.hpp">
      <Filter>Header Files\Architecture\States</Filter>
    </ClInclude>
    <ClInclude Include="..\..\Source\States\MenuState.hpp">
      <Filter>Header Files\States</Filter>
    </ClInclude>
    <ClInclude Include="..\..\Source\Constants.hpp">
      <Filter>Source Files</Filter>
    </ClInclude>
    <ClInclude Include="..\..\Source\Architecture\Dialogues\DialogueTree.hpp">
      <Filter>Header Files\Architecture\Dialogues</Filter>
    </ClInclude>
    <ClInclude Include="..\..\Source\Architecture\Dialogues\Actor.hpp">
      <Filter>Header Files\Architecture\Dialogues</Filter>
    </ClInclude>
    <ClInclude Include="..\..\Source\Architecture\Dialogues\Dialogue.hpp">
      <Filter>Header Files\Architecture\Dialogues</Filter>
    </ClInclude>
    <ClInclude Include="..\..\Source\Dialogue\VisualDialogue.hpp">
      <Filter>Header Files\Dialogue</Filter>
    </ClInclude>
    <ClInclude Include="..\..\Source\States\FadeInState.hpp">
      <Filter>Header Files\States</Filter>
    </ClInclude>
    <ClInclude Include="..\..\Source\States\FadeOutState.hpp">
      <Filter>Header Files\States</Filter>
    </ClInclude>
    <ClInclude Include="..\..\Source\Architecture\AnimatedSprite.hpp">
      <Filter>Header Files\Architecture</Filter>
    </ClInclude>
    <ClInclude Include="..\..\Source\BirdmanTheGame.hpp">
      <Filter>Header Files</Filter>
    </ClInclude>
    <ClInclude Include="..\..\Source\Audience.hpp">
      <Filter>Header Files</Filter>
    </ClInclude>
    <ClInclude Include="..\..\Source\Play.hpp">
      <Filter>Header Files</Filter>
    </ClInclude>
    <ClInclude Include="..\..\Source\Scene.hpp">
      <Filter>Header Files</Filter>
    </ClInclude>
    <ClInclude Include="..\..\Source\Architecture\Audio\AudioEngine.hpp">
      <Filter>Header Files\Architecture\Audio</Filter>
    </ClInclude>
    <ClInclude Include="..\..\Source\Architecture\Audio\irrKlang\AudioEngineIrrklang.hpp">
      <Filter>Header Files\Architecture\Audio\irKlang</Filter>
    </ClInclude>
    <ClInclude Include="..\..\Source\Architecture\Managers\AudioManager.hpp">
      <Filter>Header Files\Architecture\Managers</Filter>
    </ClInclude>
    <ClInclude Include="..\..\Source\Architecture\Audio\None\AudioEngineNone.hpp">
      <Filter>Header Files\Architecture\Audio\None</Filter>
    </ClInclude>
    <ClInclude Include="..\..\Source\Rng.h">
      <Filter>Header Files</Filter>
    </ClInclude>
    <ClInclude Include="..\..\Source\States\GameState.hpp">
      <Filter>Header Files\States</Filter>
    </ClInclude>
    <ClInclude Include="..\..\Source\States\SplashState.hpp">
      <Filter>Header Files\States</Filter>
    </ClInclude>
    <ClInclude Include="..\..\Source\Architecture\Timer.hpp">
      <Filter>Header Files\Architecture</Filter>
    </ClInclude>
    <ClInclude Include="..\..\Source\Architecture\Messages\FunctionMessage.hpp">
      <Filter>Header Files\Architecture\Messages</Filter>
    </ClInclude>
    <ClInclude Include="..\..\Source\Character.h">
      <Filter>Header Files</Filter>
    </ClInclude>
    <ClInclude Include="..\..\Source\Architecture\Audio\SFML\AudioEngineSFML.hpp">
      <Filter>Header Files\Architecture\Audio\SFML</Filter>
    </ClInclude>
    <ClInclude Include="..\..\Source\Prop.h">
      <Filter>Header Files</Filter>
    </ClInclude>
    <ClInclude Include="..\..\Source\States\NetworkingState.hpp">
      <Filter>Header Files\States</Filter>
    </ClInclude>
    <ClInclude Include="..\..\Source\Architecture\Networking\Packet.hpp">
      <Filter>Header Files\Architecture\Networking</Filter>
    </ClInclude>
    <ClInclude Include="..\..\Source\Architecture\Managers\NetworkManager.hpp">
      <Filter>Header Files\Architecture\Managers</Filter>
    </ClInclude>
    <ClInclude Include="..\..\Source\States\PauseState.hpp">
      <Filter>Header Files\States</Filter>
    </ClInclude>
    <ClInclude Include="..\..\Source\States\PlayEndState.h">
      <Filter>Header Files\States</Filter>
    </ClInclude>
  </ItemGroup>
  <ItemGroup>
    <ClCompile Include="..\..\Source\main.cpp">
      <Filter>Source Files</Filter>
    </ClCompile>
    <ClCompile Include="..\..\Source\BirdmanTheGame.cpp">
      <Filter>Source Files</Filter>
    </ClCompile>
    <ClCompile Include="..\..\Source\stdafx.cpp">
      <Filter>Source Files</Filter>
    </ClCompile>
    <ClCompile Include="..\..\Source\Architecture\UI\Menu.cpp">
      <Filter>Source Files\Architecture\UI</Filter>
    </ClCompile>
    <ClCompile Include="..\..\Source\Architecture\Messages\MessageQueue.cpp">
      <Filter>Source Files\Architecture\Messages</Filter>
    </ClCompile>
    <ClCompile Include="..\..\Source\Architecture\Managers\InputManager.cpp">
      <Filter>Source Files\Architecture\Managers</Filter>
    </ClCompile>
    <ClCompile Include="..\..\Source\Architecture\GameData.cpp">
      <Filter>Source Files\Architecture</Filter>
    </ClCompile>
    <ClCompile Include="..\..\Source\Architecture\Managers\StateManager.cpp">
      <Filter>Source Files\Architecture\Managers</Filter>
    </ClCompile>
    <ClCompile Include="..\..\Source\Architecture\Managers\FontManager.cpp">
      <Filter>Source Files\Architecture\Managers</Filter>
    </ClCompile>
    <ClCompile Include="..\..\Source\Architecture\Signals\Connection.cpp">
      <Filter>Source Files\Architecture\Signals</Filter>
    </ClCompile>
    <ClCompile Include="..\..\Source\Architecture\UI\Button.cpp">
      <Filter>Source Files\Architecture\UI</Filter>
    </ClCompile>
    <ClCompile Include="..\..\Source\States\MenuState.cpp">
      <Filter>Source Files\States</Filter>
    </ClCompile>
    <ClCompile Include="..\..\Source\Architecture\Dialogues\Actor.cpp">
      <Filter>Source Files\Architecture\Dialogues</Filter>
    </ClCompile>
    <ClCompile Include="..\..\Source\Architecture\Dialogues\Dialogue.cpp">
      <Filter>Source Files\Architecture\Dialogues</Filter>
    </ClCompile>
    <ClCompile Include="..\..\Source\Architecture\Dialogues\DialogueTree.cpp">
      <Filter>Source Files\Architecture\Dialogues</Filter>
    </ClCompile>
    <ClCompile Include="..\..\Source\States\GameState.cpp">
      <Filter>Source Files\States</Filter>
    </ClCompile>
    <ClCompile Include="..\..\Source\Dialogue\VisualDialogue.cpp">
      <Filter>Source Files\Dialogue</Filter>
    </ClCompile>
    <ClCompile Include="..\..\Source\States\FadeInState.cpp">
      <Filter>Source Files\States</Filter>
    </ClCompile>
    <ClCompile Include="..\..\Source\States\FadeOutState.cpp">
      <Filter>Source Files\States</Filter>
    </ClCompile>
    <ClCompile Include="..\..\Source\Scene.cpp">
      <Filter>Source Files</Filter>
    </ClCompile>
    <ClCompile Include="..\..\Source\Play.cpp">
      <Filter>Source Files</Filter>
    </ClCompile>
    <ClCompile Include="..\..\Source\Audience.cpp">
      <Filter>Source Files</Filter>
    </ClCompile>
    <ClCompile Include="..\..\Source\Architecture\AnimatedSprite.cpp">
      <Filter>Source Files\Architecture</Filter>
    </ClCompile>
    <ClCompile Include="..\..\Source\Architecture\Audio\irrKlang\AudioEngineIrrklang.cpp">
      <Filter>Source Files\Architecture\Audio\irrKlang</Filter>
    </ClCompile>
    <ClCompile Include="..\..\Source\Architecture\Audio\SFML\AudioEngineSFML.cpp">
      <Filter>Source Files\Architecture\Audio\SFML</Filter>
    </ClCompile>
    <ClCompile Include="..\..\Source\Architecture\Audio\None\AudioEngineNone.cpp">
      <Filter>Source Files\Architecture\Audio\None</Filter>
    </ClCompile>
    <ClCompile Include="..\..\Source\Architecture\Managers\AudioManager.cpp">
      <Filter>Source Files\Architecture\Managers</Filter>
    </ClCompile>
    <ClCompile Include="..\..\Source\Rng.cpp">
      <Filter>Source Files</Filter>
    </ClCompile>
    <ClCompile Include="..\..\Source\States\SplashState.cpp">
      <Filter>Source Files\States</Filter>
    </ClCompile>
    <ClCompile Include="..\..\Source\Architecture\Timer.cpp">
      <Filter>Source Files</Filter>
    </ClCompile>
    <ClCompile Include="..\..\Source\Character.cpp">
      <Filter>Source Files</Filter>
    </ClCompile>
    <ClCompile Include="..\..\Source\Prop.cpp">
      <Filter>Source Files</Filter>
    </ClCompile>
    <ClCompile Include="..\..\Source\States\NetworkingState.cpp">
      <Filter>Source Files\States</Filter>
    </ClCompile>
    <ClCompile Include="..\..\Source\Architecture\Managers\NetworkManager.cpp">
      <Filter>Source Files\Architecture\Managers</Filter>
    </ClCompile>
    <ClCompile Include="..\..\Source\Architecture\Networking\Packet.cpp">
      <Filter>Source Files\Architecture\Networking</Filter>
    </ClCompile>
    <ClCompile Include="..\..\Source\States\PauseState.cpp">
      <Filter>Source Files\States</Filter>
    </ClCompile>
    <ClCompile Include="..\..\Source\States\PlayEndState.cpp">
      <Filter>Source Files\States</Filter>
    </ClCompile>
  </ItemGroup>
</Project>